<Solution>
  <Folder Name="/src/">
    <Project Path="src/MusicStreaming.Api/MusicStreaming.Api.csproj" />
    <Project Path="src/MusicStreaming.Application/MusicStreaming.Application.csproj" />
    <Project Path="src/MusicStreaming.Domain/MusicStreaming.Domain.csproj" />
    <Project Path="src/MusicStreaming.Infrastructure/MusicStreaming.Infrastructure.csproj" />
  </Folder>
  <Folder Name="/tests/">
    <Project Path="tests/MusicStreaming.UnitTests/MusicStreaming.UnitTests.csproj" />
  </Folder>
</Solution>
